
Microsoft Visual Studio Solution File, Format Version 12.00
# Visual Studio Version 17
VisualStudioVersion = 17.14.36401.2 d17.14
MinimumVisualStudioVersion = 10.0.40219.1
Project("{FAE04EC0-301F-11D3-BF4B-00C04F79EFBC}") = "cozinhadonamaria", "cozinhadonamaria\cozinhadonamaria.csproj", "{7CC40386-F091-4703-B7A5-BA62E14BC11C}"
EndProject
Global
	GlobalSection(SolutionConfigurationPlatforms) = preSolution
		Debug|Any CPU = Debug|Any CPU
		Release|Any CPU = Release|Any CPU
	EndGlobalSection
	GlobalSection(ProjectConfigurationPlatforms) = postSolution
		{7CC40386-F091-4703-B7A5-BA62E14BC11C}.Debug|Any CPU.ActiveCfg = Debug|Any CPU
		{7CC40386-F091-4703-B7A5-BA62E14BC11C}.Debug|Any CPU.Build.0 = Debug|Any CPU
		{7CC40386-F091-4703-B7A5-BA62E14BC11C}.Release|Any CPU.ActiveCfg = Release|Any CPU
		{7CC40386-F091-4703-B7A5-BA62E14BC11C}.Release|Any CPU.Build.0 = Release|Any CPU
	EndGlobalSection
	GlobalSection(SolutionProperties) = preSolution
		HideSolutionNode = FALSE
	EndGlobalSection
	GlobalSection(ExtensibilityGlobals) = postSolution
		SolutionGuid = {B3AABEC3-1CF8-4C07-BD27-B7AA21A54871}
	EndGlobalSection
EndGlobal
